
Microsoft Visual Studio Solution File, Format Version 12.00
# Visual Studio Version 16
VisualStudioVersion = 16.0.31702.278
MinimumVisualStudioVersion = 10.0.40219.1
Project("{FAE04EC0-301F-11D3-BF4B-00C04F79EFBC}") = "DlinnoeCHislo", "DlinnoeCHislo\DlinnoeCHislo.csproj", "{24DE179B-75F0-4D1D-8D32-96AC877ACF85}"
EndProject
Global
	GlobalSection(SolutionConfigurationPlatforms) = preSolution
		Debug|Any CPU = Debug|Any CPU
		Release|Any CPU = Release|Any CPU
	EndGlobalSection
	GlobalSection(ProjectConfigurationPlatforms) = postSolution
		{24DE179B-75F0-4D1D-8D32-96AC877ACF85}.Debug|Any CPU.ActiveCfg = Debug|Any CPU
		{24DE179B-75F0-4D1D-8D32-96AC877ACF85}.Debug|Any CPU.Build.0 = Debug|Any CPU
		{24DE179B-75F0-4D1D-8D32-96AC877ACF85}.Release|Any CPU.ActiveCfg = Release|Any CPU
		{24DE179B-75F0-4D1D-8D32-96AC877ACF85}.Release|Any CPU.Build.0 = Release|Any CPU
	EndGlobalSection
	GlobalSection(SolutionProperties) = preSolution
		HideSolutionNode = FALSE
	EndGlobalSection
	GlobalSection(ExtensibilityGlobals) = postSolution
		SolutionGuid = {F68BD661-1895-4427-94A0-827EE88FF1C9}
	EndGlobalSection
EndGlobal
